
Microsoft Visual Studio Solution File, Format Version 12.00
# Visual Studio Version 17
VisualStudioVersion = 17.13.35828.75 d17.13
MinimumVisualStudioVersion = 10.0.40219.1
Project("{8BC9CEB8-8B4A-11D0-8D11-00A0C91BC942}") = "0415", "0415\0415.vcxproj", "{62FD39E8-2D42-4D38-ACEE-25136829AD07}"
EndProject
Global
	GlobalSection(SolutionConfigurationPlatforms) = preSolution
		Debug|x64 = Debug|x64
		Debug|x86 = Debug|x86
		Release|x64 = Release|x64
		Release|x86 = Release|x86
	EndGlobalSection
	GlobalSection(ProjectConfigurationPlatforms) = postSolution
		{62FD39E8-2D42-4D38-ACEE-25136829AD07}.Debug|x64.ActiveCfg = Debug|x64
		{62FD39E8-2D42-4D38-ACEE-25136829AD07}.Debug|x64.Build.0 = Debug|x64
		{62FD39E8-2D42-4D38-ACEE-25136829AD07}.Debug|x86.ActiveCfg = Debug|Win32
		{62FD39E8-2D42-4D38-ACEE-25136829AD07}.Debug|x86.Build.0 = Debug|Win32
		{62FD39E8-2D42-4D38-ACEE-25136829AD07}.Release|x64.ActiveCfg = Release|x64
		{62FD39E8-2D42-4D38-ACEE-25136829AD07}.Release|x64.Build.0 = Release|x64
		{62FD39E8-2D42-4D38-ACEE-25136829AD07}.Release|x86.ActiveCfg = Release|Win32
		{62FD39E8-2D42-4D38-ACEE-25136829AD07}.Release|x86.Build.0 = Release|Win32
	EndGlobalSection
	GlobalSection(SolutionProperties) = preSolution
		HideSolutionNode = FALSE
	EndGlobalSection
	GlobalSection(ExtensibilityGlobals) = postSolution
		SolutionGuid = {568BAE03-692A-4558-8E33-24AEDA8C6FE7}
	EndGlobalSection
EndGlobal
